
Microsoft Visual Studio Solution File, Format Version 12.00
# Visual Studio 15
VisualStudioVersion = 15.0.27004.2009
MinimumVisualStudioVersion = 10.0.40219.1
Project("{FAE04EC0-301F-11D3-BF4B-00C04F79EFBC}") = "PersianDate", "Persiandate\PersianDate.csproj", "{6CE3D651-BB33-4E55-B99A-35F831C2072D}"
EndProject
Project("{FAE04EC0-301F-11D3-BF4B-00C04F79EFBC}") = "UsageSamples", "UsageSamples\UsageSamples.csproj", "{78EC9296-F63F-43CE-9765-954C6BEB0155}"
EndProject
Project("{9A19103F-16F7-4668-BE54-9A1E7A4F7556}") = "PersianDate.Standard", "PersianDate.Standard\PersianDate.Standard.csproj", "{B7DFF147-69D4-4797-A646-44A27C017922}"
EndProject
Global
	GlobalSection(SolutionConfigurationPlatforms) = preSolution
		Debug|Any CPU = Debug|Any CPU
		Release|Any CPU = Release|Any CPU
	EndGlobalSection
	GlobalSection(ProjectConfigurationPlatforms) = postSolution
		{6CE3D651-BB33-4E55-B99A-35F831C2072D}.Debug|Any CPU.ActiveCfg = Debug|Any CPU
		{6CE3D651-BB33-4E55-B99A-35F831C2072D}.Debug|Any CPU.Build.0 = Debug|Any CPU
		{6CE3D651-BB33-4E55-B99A-35F831C2072D}.Release|Any CPU.ActiveCfg = Release|Any CPU
		{6CE3D651-BB33-4E55-B99A-35F831C2072D}.Release|Any CPU.Build.0 = Release|Any CPU
		{78EC9296-F63F-43CE-9765-954C6BEB0155}.Debug|Any CPU.ActiveCfg = Debug|Any CPU
		{78EC9296-F63F-43CE-9765-954C6BEB0155}.Debug|Any CPU.Build.0 = Debug|Any CPU
		{78EC9296-F63F-43CE-9765-954C6BEB0155}.Release|Any CPU.ActiveCfg = Release|Any CPU
		{78EC9296-F63F-43CE-9765-954C6BEB0155}.Release|Any CPU.Build.0 = Release|Any CPU
		{B7DFF147-69D4-4797-A646-44A27C017922}.Debug|Any CPU.ActiveCfg = Debug|Any CPU
		{B7DFF147-69D4-4797-A646-44A27C017922}.Debug|Any CPU.Build.0 = Debug|Any CPU
		{B7DFF147-69D4-4797-A646-44A27C017922}.Release|Any CPU.ActiveCfg = Release|Any CPU
		{B7DFF147-69D4-4797-A646-44A27C017922}.Release|Any CPU.Build.0 = Release|Any CPU
	EndGlobalSection
	GlobalSection(SolutionProperties) = preSolution
		HideSolutionNode = FALSE
	EndGlobalSection
	GlobalSection(ExtensibilityGlobals) = postSolution
		SolutionGuid = {0423E1A4-54EB-4A7A-9766-51B4063F96C1}
	EndGlobalSection
EndGlobal
